// !$*UTF8*$!
{
	archiveVersion = 1;
	classes = {
	};
	objectVersion = 48;
	objects = {

/* Begin PBXBuildFile section */
		27AF8A91BEEFA305DC6148E0 /* Pods_HackathonUITests.framework in Frameworks */ = {isa = PBXBuildFile; fileRef = A0EAECDA19BE5F6215B4CA91 /* Pods_HackathonUITests.framework */; };
		52429C8E965EFED11EBF5959 /* Pods_Hackathon.framework in Frameworks */ = {isa = PBXBuildFile; fileRef = 20691610663CB67B7E80C15F /* Pods_Hackathon.framework */; };
		5FC479BCEA37C7CAE05670C0 /* Pods_HackathonTests.framework in Frameworks */ = {isa = PBXBuildFile; fileRef = 9313F0A248A27DE3DBEC5609 /* Pods_HackathonTests.framework */; };
		E958BDA91F9ADDB700482017 /* AppDelegate.swift in Sources */ = {isa = PBXBuildFile; fileRef = E958BDA81F9ADDB700482017 /* AppDelegate.swift */; };
		E958BDAB1F9ADDB700482017 /* ViewController.swift in Sources */ = {isa = PBXBuildFile; fileRef = E958BDAA1F9ADDB700482017 /* ViewController.swift */; };
		E958BDAE1F9ADDB700482017 /* Main.storyboard in Resources */ = {isa = PBXBuildFile; fileRef = E958BDAC1F9ADDB700482017 /* Main.storyboard */; };
		E958BDB01F9ADDB700482017 /* Assets.xcassets in Resources */ = {isa = PBXBuildFile; fileRef = E958BDAF1F9ADDB700482017 /* Assets.xcassets */; };
		E958BDB31F9ADDB700482017 /* LaunchScreen.storyboard in Resources */ = {isa = PBXBuildFile; fileRef = E958BDB11F9ADDB700482017 /* LaunchScreen.storyboard */; };
		E958BDBE1F9ADDB700482017 /* HackathonTests.swift in Sources */ = {isa = PBXBuildFile; fileRef = E958BDBD1F9ADDB700482017 /* HackathonTests.swift */; };
		E958BDC91F9ADDB800482017 /* HackathonUITests.swift in Sources */ = {isa = PBXBuildFile; fileRef = E958BDC81F9ADDB800482017 /* HackathonUITests.swift */; };
		E958BDDD1F9AEDCD00482017 /* CoreLocation.framework in Frameworks */ = {isa = PBXBuildFile; fileRef = E958BDDC1F9AEDCD00482017 /* CoreLocation.framework */; };
		E958BDDF1F9AEDDB00482017 /* CoreBluetooth.framework in Frameworks */ = {isa = PBXBuildFile; fileRef = E958BDDE1F9AEDDB00482017 /* CoreBluetooth.framework */; };
		E958BDE11F9AEDEA00482017 /* SystemConfiguration.framework in Frameworks */ = {isa = PBXBuildFile; fileRef = E958BDE01F9AEDEA00482017 /* SystemConfiguration.framework */; };
/* End PBXBuildFile section */

/* Begin PBXContainerItemProxy section */
		E958BDBA1F9ADDB700482017 /* PBXContainerItemProxy */ = {
			isa = PBXContainerItemProxy;
			containerPortal = E958BD9D1F9ADDB700482017 /* Project object */;
			proxyType = 1;
			remoteGlobalIDString = E958BDA41F9ADDB700482017;
			remoteInfo = Hackathon;
		};
		E958BDC51F9ADDB800482017 /* PBXContainerItemProxy */ = {
			isa = PBXContainerItemProxy;
			containerPortal = E958BD9D1F9ADDB700482017 /* Project object */;
			proxyType = 1;
			remoteGlobalIDString = E958BDA41F9ADDB700482017;
			remoteInfo = Hackathon;
		};
/* End PBXContainerItemProxy section */

/* Begin PBXFileReference section */
		20691610663CB67B7E80C15F /* Pods_Hackathon.framework */ = {isa = PBXFileReference; explicitFileType = wrapper.framework; includeInIndex = 0; path = Pods_Hackathon.framework; sourceTree = BUILT_PRODUCTS_DIR; };
		67F03C4D77CA9DB1CCB13B4F /* Pods-HackathonTests.release.xcconfig */ = {isa = PBXFileReference; includeInIndex = 1; lastKnownFileType = text.xcconfig; name = "Pods-HackathonTests.release.xcconfig"; path = "Pods/Target Support Files/Pods-HackathonTests/Pods-HackathonTests.release.xcconfig"; sourceTree = "<group>"; };
		7795915DDD4C7669D2EB9580 /* Pods-HackathonUITests.debug.xcconfig */ = {isa = PBXFileReference; includeInIndex = 1; lastKnownFileType = text.xcconfig; name = "Pods-HackathonUITests.debug.xcconfig"; path = "Pods/Target Support Files/Pods-HackathonUITests/Pods-HackathonUITests.debug.xcconfig"; sourceTree = "<group>"; };
		9313F0A248A27DE3DBEC5609 /* Pods_HackathonTests.framework */ = {isa = PBXFileReference; explicitFileType = wrapper.framework; includeInIndex = 0; path = Pods_HackathonTests.framework; sourceTree = BUILT_PRODUCTS_DIR; };
		A0EAECDA19BE5F6215B4CA91 /* Pods_HackathonUITests.framework */ = {isa = PBXFileReference; explicitFileType = wrapper.framework; includeInIndex = 0; path = Pods_HackathonUITests.framework; sourceTree = BUILT_PRODUCTS_DIR; };
		A6D1F80EF30736E80E64AD3C /* Pods-Hackathon.debug.xcconfig */ = {isa = PBXFileReference; includeInIndex = 1; lastKnownFileType = text.xcconfig; name = "Pods-Hackathon.debug.xcconfig"; path = "Pods/Target Support Files/Pods-Hackathon/Pods-Hackathon.debug.xcconfig"; sourceTree = "<group>"; };
		B6E2B8671EF161BEE265AA80 /* Pods-Hackathon.release.xcconfig */ = {isa = PBXFileReference; includeInIndex = 1; lastKnownFileType = text.xcconfig; name = "Pods-Hackathon.release.xcconfig"; path = "Pods/Target Support Files/Pods-Hackathon/Pods-Hackathon.release.xcconfig"; sourceTree = "<group>"; };
		BA3A2A72B06DDF36C8047CA0 /* Pods-HackathonUITests.release.xcconfig */ = {isa = PBXFileReference; includeInIndex = 1; lastKnownFileType = text.xcconfig; name = "Pods-HackathonUITests.release.xcconfig"; path = "Pods/Target Support Files/Pods-HackathonUITests/Pods-HackathonUITests.release.xcconfig"; sourceTree = "<group>"; };
		DAAC1F1E93BED191448ECFDF /* Pods-HackathonTests.debug.xcconfig */ = {isa = PBXFileReference; includeInIndex = 1; lastKnownFileType = text.xcconfig; name = "Pods-HackathonTests.debug.xcconfig"; path = "Pods/Target Support Files/Pods-HackathonTests/Pods-HackathonTests.debug.xcconfig"; sourceTree = "<group>"; };
		E958BDA51F9ADDB700482017 /* Hackathon.app */ = {isa = PBXFileReference; explicitFileType = wrapper.application; includeInIndex = 0; path = Hackathon.app; sourceTree = BUILT_PRODUCTS_DIR; };
		E958BDA81F9ADDB700482017 /* AppDelegate.swift */ = {isa = PBXFileReference; lastKnownFileType = sourcecode.swift; path = AppDelegate.swift; sourceTree = "<group>"; };
		E958BDAA1F9ADDB700482017 /* ViewController.swift */ = {isa = PBXFileReference; lastKnownFileType = sourcecode.swift; path = ViewController.swift; sourceTree = "<group>"; };
		E958BDAD1F9ADDB700482017 /* Base */ = {isa = PBXFileReference; lastKnownFileType = file.storyboard; name = Base; path = Base.lproj/Main.storyboard; sourceTree = "<group>"; };
		E958BDAF1F9ADDB700482017 /* Assets.xcassets */ = {isa = PBXFileReference; lastKnownFileType = folder.assetcatalog; path = Assets.xcassets; sourceTree = "<group>"; };
		E958BDB21F9ADDB700482017 /* Base */ = {isa = PBXFileReference; lastKnownFileType = file.storyboard; name = Base; path = Base.lproj/LaunchScreen.storyboard; sourceTree = "<group>"; };
		E958BDB41F9ADDB700482017 /* Info.plist */ = {isa = PBXFileReference; lastKnownFileType = text.plist.xml; path = Info.plist; sourceTree = "<group>"; };
		E958BDB91F9ADDB700482017 /* HackathonTests.xctest */ = {isa = PBXFileReference; explicitFileType = wrapper.cfbundle; includeInIndex = 0; path = HackathonTests.xctest; sourceTree = BUILT_PRODUCTS_DIR; };
		E958BDBD1F9ADDB700482017 /* HackathonTests.swift */ = {isa = PBXFileReference; lastKnownFileType = sourcecode.swift; path = HackathonTests.swift; sourceTree = "<group>"; };
		E958BDBF1F9ADDB700482017 /* Info.plist */ = {isa = PBXFileReference; lastKnownFileType = text.plist.xml; path = Info.plist; sourceTree = "<group>"; };
		E958BDC41F9ADDB700482017 /* HackathonUITests.xctest */ = {isa = PBXFileReference; explicitFileType = wrapper.cfbundle; includeInIndex = 0; path = HackathonUITests.xctest; sourceTree = BUILT_PRODUCTS_DIR; };
		E958BDC81F9ADDB800482017 /* HackathonUITests.swift */ = {isa = PBXFileReference; lastKnownFileType = sourcecode.swift; path = HackathonUITests.swift; sourceTree = "<group>"; };
		E958BDCA1F9ADDB800482017 /* Info.plist */ = {isa = PBXFileReference; lastKnownFileType = text.plist.xml; path = Info.plist; sourceTree = "<group>"; };
		E958BDD91F9AEA2100482017 /* EstimoteSDK.framework */ = {isa = PBXFileReference; lastKnownFileType = wrapper.framework; name = EstimoteSDK.framework; path = ../../../Desktop/EstimoteSDK.framework; sourceTree = "<group>"; };
		E958BDDC1F9AEDCD00482017 /* CoreLocation.framework */ = {isa = PBXFileReference; lastKnownFileType = wrapper.framework; name = CoreLocation.framework; path = System/Library/Frameworks/CoreLocation.framework; sourceTree = SDKROOT; };
		E958BDDE1F9AEDDB00482017 /* CoreBluetooth.framework */ = {isa = PBXFileReference; lastKnownFileType = wrapper.framework; name = CoreBluetooth.framework; path = System/Library/Frameworks/CoreBluetooth.framework; sourceTree = SDKROOT; };
		E958BDE01F9AEDEA00482017 /* SystemConfiguration.framework */ = {isa = PBXFileReference; lastKnownFileType = wrapper.framework; name = SystemConfiguration.framework; path = System/Library/Frameworks/SystemConfiguration.framework; sourceTree = SDKROOT; };
		E958BDE21F9AEE4500482017 /* EstimoteSDK.framework */ = {isa = PBXFileReference; lastKnownFileType = wrapper.framework; path = EstimoteSDK.framework; sourceTree = "<group>"; };
		E98460CD1F9B678300C6BFBC /* GoogleService-Info.plist */ = {isa = PBXFileReference; lastKnownFileType = text.plist.xml; path = "GoogleService-Info.plist"; sourceTree = "<group>"; };
/* End PBXFileReference section */

/* Begin PBXFrameworksBuildPhase section */
		E958BDA21F9ADDB700482017 /* Frameworks */ = {
			isa = PBXFrameworksBuildPhase;
			buildActionMask = 2147483647;
			files = (
				E958BDE11F9AEDEA00482017 /* SystemConfiguration.framework in Frameworks */,
				E958BDDF1F9AEDDB00482017 /* CoreBluetooth.framework in Frameworks */,
				E958BDDD1F9AEDCD00482017 /* CoreLocation.framework in Frameworks */,
				52429C8E965EFED11EBF5959 /* Pods_Hackathon.framework in Frameworks */,
			);
			runOnlyForDeploymentPostprocessing = 0;
		};
		E958BDB61F9ADDB700482017 /* Frameworks */ = {
			isa = PBXFrameworksBuildPhase;
			buildActionMask = 2147483647;
			files = (
				5FC479BCEA37C7CAE05670C0 /* Pods_HackathonTests.framework in Frameworks */,
			);
			runOnlyForDeploymentPostprocessing = 0;
		};
		E958BDC11F9ADDB700482017 /* Frameworks */ = {
			isa = PBXFrameworksBuildPhase;
			buildActionMask = 2147483647;
			files = (
				27AF8A91BEEFA305DC6148E0 /* Pods_HackathonUITests.framework in Frameworks */,
			);
			runOnlyForDeploymentPostprocessing = 0;
		};
/* End PBXFrameworksBuildPhase section */

/* Begin PBXGroup section */
		38CC8F4E2F1CFBDBF26BF970 /* Pods */ = {
			isa = PBXGroup;
			children = (
				A6D1F80EF30736E80E64AD3C /* Pods-Hackathon.debug.xcconfig */,
				B6E2B8671EF161BEE265AA80 /* Pods-Hackathon.release.xcconfig */,
				DAAC1F1E93BED191448ECFDF /* Pods-HackathonTests.debug.xcconfig */,
				67F03C4D77CA9DB1CCB13B4F /* Pods-HackathonTests.release.xcconfig */,
				7795915DDD4C7669D2EB9580 /* Pods-HackathonUITests.debug.xcconfig */,
				BA3A2A72B06DDF36C8047CA0 /* Pods-HackathonUITests.release.xcconfig */,
			);
			name = Pods;
			sourceTree = "<group>";
		};
		E958BD9C1F9ADDB700482017 = {
			isa = PBXGroup;
			children = (
				E958BDA71F9ADDB700482017 /* Hackathon */,
				E958BDBC1F9ADDB700482017 /* HackathonTests */,
				E958BDC71F9ADDB800482017 /* HackathonUITests */,
				E958BDA61F9ADDB700482017 /* Products */,
				E958BDD81F9AEA2100482017 /* Frameworks */,
				38CC8F4E2F1CFBDBF26BF970 /* Pods */,
			);
			sourceTree = "<group>";
		};
		E958BDA61F9ADDB700482017 /* Products */ = {
			isa = PBXGroup;
			children = (
				E958BDA51F9ADDB700482017 /* Hackathon.app */,
				E958BDB91F9ADDB700482017 /* HackathonTests.xctest */,
				E958BDC41F9ADDB700482017 /* HackathonUITests.xctest */,
			);
			name = Products;
			sourceTree = "<group>";
		};
		E958BDA71F9ADDB700482017 /* Hackathon */ = {
			isa = PBXGroup;
			children = (
				E98460CD1F9B678300C6BFBC /* GoogleService-Info.plist */,
				E958BDA81F9ADDB700482017 /* AppDelegate.swift */,
				E958BDAA1F9ADDB700482017 /* ViewController.swift */,
				E958BDAC1F9ADDB700482017 /* Main.storyboard */,
				E958BDAF1F9ADDB700482017 /* Assets.xcassets */,
				E958BDB11F9ADDB700482017 /* LaunchScreen.storyboard */,
				E958BDE21F9AEE4500482017 /* EstimoteSDK.framework */,
				E958BDB41F9ADDB700482017 /* Info.plist */,
			);
			path = Hackathon;
			sourceTree = "<group>";
		};
		E958BDBC1F9ADDB700482017 /* HackathonTests */ = {
			isa = PBXGroup;
			children = (
				E958BDBD1F9ADDB700482017 /* HackathonTests.swift */,
				E958BDBF1F9ADDB700482017 /* Info.plist */,
			);
			path = HackathonTests;
			sourceTree = "<group>";
		};
		E958BDC71F9ADDB800482017 /* HackathonUITests */ = {
			isa = PBXGroup;
			children = (
				E958BDC81F9ADDB800482017 /* HackathonUITests.swift */,
				E958BDCA1F9ADDB800482017 /* Info.plist */,
			);
			path = HackathonUITests;
			sourceTree = "<group>";
		};
		E958BDD81F9AEA2100482017 /* Frameworks */ = {
			isa = PBXGroup;
			children = (
				E958BDE01F9AEDEA00482017 /* SystemConfiguration.framework */,
				E958BDDE1F9AEDDB00482017 /* CoreBluetooth.framework */,
				E958BDDC1F9AEDCD00482017 /* CoreLocation.framework */,
				E958BDD91F9AEA2100482017 /* EstimoteSDK.framework */,
				20691610663CB67B7E80C15F /* Pods_Hackathon.framework */,
				9313F0A248A27DE3DBEC5609 /* Pods_HackathonTests.framework */,
				A0EAECDA19BE5F6215B4CA91 /* Pods_HackathonUITests.framework */,
			);
			name = Frameworks;
			sourceTree = "<group>";
		};
/* End PBXGroup section */

/* Begin PBXNativeTarget section */
		E958BDA41F9ADDB700482017 /* Hackathon */ = {
			isa = PBXNativeTarget;
			buildConfigurationList = E958BDCD1F9ADDB800482017 /* Build configuration list for PBXNativeTarget "Hackathon" */;
			buildPhases = (
				90AD92FD6888BFD23795DEB4 /* [CP] Check Pods Manifest.lock */,
				E958BDA11F9ADDB700482017 /* Sources */,
				E958BDA21F9ADDB700482017 /* Frameworks */,
				E958BDA31F9ADDB700482017 /* Resources */,
				641ED144CCD62C151AFDE2B0 /* [CP] Embed Pods Frameworks */,
				BB237BE243DEE6AC8A573F4D /* [CP] Copy Pods Resources */,
			);
			buildRules = (
			);
			dependencies = (
			);
			name = Hackathon;
			productName = Hackathon;
			productReference = E958BDA51F9ADDB700482017 /* Hackathon.app */;
			productType = "com.apple.product-type.application";
		};
		E958BDB81F9ADDB700482017 /* HackathonTests */ = {
			isa = PBXNativeTarget;
			buildConfigurationList = E958BDD01F9ADDB800482017 /* Build configuration list for PBXNativeTarget "HackathonTests" */;
			buildPhases = (
				F422DABD77FADCC185B40D91 /* [CP] Check Pods Manifest.lock */,
				E958BDB51F9ADDB700482017 /* Sources */,
				E958BDB61F9ADDB700482017 /* Frameworks */,
				E958BDB71F9ADDB700482017 /* Resources */,
				C212C11B4E5F0FB90F5472A2 /* [CP] Embed Pods Frameworks */,
				7B98BCF3E6F80AF863049697 /* [CP] Copy Pods Resources */,
			);
			buildRules = (
			);
			dependencies = (
				E958BDBB1F9ADDB700482017 /* PBXTargetDependency */,
			);
			name = HackathonTests;
			productName = HackathonTests;
			productReference = E958BDB91F9ADDB700482017 /* HackathonTests.xctest */;
			productType = "com.apple.product-type.bundle.unit-test";
		};
		E958BDC31F9ADDB700482017 /* HackathonUITests */ = {
			isa = PBXNativeTarget;
			buildConfigurationList = E958BDD31F9ADDB800482017 /* Build configuration list for PBXNativeTarget "HackathonUITests" */;
			buildPhases = (
				4B083686CE57050A93EA8BBF /* [CP] Check Pods Manifest.lock */,
				E958BDC01F9ADDB700482017 /* Sources */,
				E958BDC11F9ADDB700482017 /* Frameworks */,
				E958BDC21F9ADDB700482017 /* Resources */,
				A1A24C87F57BD55C86A299D8 /* [CP] Embed Pods Frameworks */,
				D83C63A778E88C38B0BD40AC /* [CP] Copy Pods Resources */,
			);
			buildRules = (
			);
			dependencies = (
				E958BDC61F9ADDB800482017 /* PBXTargetDependency */,
			);
			name = HackathonUITests;
			productName = HackathonUITests;
			productReference = E958BDC41F9ADDB700482017 /* HackathonUITests.xctest */;
			productType = "com.apple.product-type.bundle.ui-testing";
		};
/* End PBXNativeTarget section */

/* Begin PBXProject section */
		E958BD9D1F9ADDB700482017 /* Project object */ = {
			isa = PBXProject;
			attributes = {
				LastSwiftUpdateCheck = 0900;
				LastUpgradeCheck = 0900;
				ORGANIZATIONNAME = Hack;
				TargetAttributes = {
					E958BDA41F9ADDB700482017 = {
						CreatedOnToolsVersion = 9.0;
						ProvisioningStyle = Automatic;
					};
					E958BDB81F9ADDB700482017 = {
						CreatedOnToolsVersion = 9.0;
						ProvisioningStyle = Automatic;
						TestTargetID = E958BDA41F9ADDB700482017;
					};
					E958BDC31F9ADDB700482017 = {
						CreatedOnToolsVersion = 9.0;
						ProvisioningStyle = Automatic;
						TestTargetID = E958BDA41F9ADDB700482017;
					};
				};
			};
			buildConfigurationList = E958BDA01F9ADDB700482017 /* Build configuration list for PBXProject "Hackathon" */;
			compatibilityVersion = "Xcode 8.0";
			developmentRegion = en;
			hasScannedForEncodings = 0;
			knownRegions = (
				en,
				Base,
			);
			mainGroup = E958BD9C1F9ADDB700482017;
			productRefGroup = E958BDA61F9ADDB700482017 /* Products */;
			projectDirPath = "";
			projectRoot = "";
			targets = (
				E958BDA41F9ADDB700482017 /* Hackathon */,
				E958BDB81F9ADDB700482017 /* HackathonTests */,
				E958BDC31F9ADDB700482017 /* HackathonUITests */,
			);
		};
/* End PBXProject section */

/* Begin PBXResourcesBuildPhase section */
		E958BDA31F9ADDB700482017 /* Resources */ = {
			isa = PBXResourcesBuildPhase;
			buildActionMask = 2147483647;
			files = (
				E958BDB31F9ADDB700482017 /* LaunchScreen.storyboard in Resources */,
				E958BDB01F9ADDB700482017 /* Assets.xcassets in Resources */,
				E958BDAE1F9ADDB700482017 /* Main.storyboard in Resources */,
			);
			runOnlyForDeploymentPostprocessing = 0;
		};
		E958BDB71F9ADDB700482017 /* Resources */ = {
			isa = PBXResourcesBuildPhase;
			buildActionMask = 2147483647;
			files = (
			);
			runOnlyForDeploymentPostprocessing = 0;
		};
		E958BDC21F9ADDB700482017 /* Resources */ = {
			isa = PBXResourcesBuildPhase;
			buildActionMask = 2147483647;
			files = (
			);
			runOnlyForDeploymentPostprocessing = 0;
		};
/* End PBXResourcesBuildPhase section */

/* Begin PBXShellScriptBuildPhase section */
		4B083686CE57050A93EA8BBF /* [CP] Check Pods Manifest.lock */ = {
			isa = PBXShellScriptBuildPhase;
			buildActionMask = 2147483647;
			files = (
			);
			inputPaths = (
				"${PODS_PODFILE_DIR_PATH}/Podfile.lock",
				"${PODS_ROOT}/Manifest.lock",
			);
			name = "[CP] Check Pods Manifest.lock";
			outputPaths = (
				"$(DERIVED_FILE_DIR)/Pods-HackathonUITests-checkManifestLockResult.txt",
			);
			runOnlyForDeploymentPostprocessing = 0;
			shellPath = /bin/sh;
			shellScript = "diff \"${PODS_PODFILE_DIR_PATH}/Podfile.lock\" \"${PODS_ROOT}/Manifest.lock\" > /dev/null\nif [ $? != 0 ] ; then\n    # print error to STDERR\n    echo \"error: The sandbox is not in sync with the Podfile.lock. Run 'pod install' or update your CocoaPods installation.\" >&2\n    exit 1\nfi\n# This output is used by Xcode 'outputs' to avoid re-running this script phase.\necho \"SUCCESS\" > \"${SCRIPT_OUTPUT_FILE_0}\"\n";
			showEnvVarsInLog = 0;
		};
		641ED144CCD62C151AFDE2B0 /* [CP] Embed Pods Frameworks */ = {
			isa = PBXShellScriptBuildPhase;
			buildActionMask = 2147483647;
			files = (
			);
			inputPaths = (
				"${SRCROOT}/Pods/Target Support Files/Pods-Hackathon/Pods-Hackathon-frameworks.sh",
				"${BUILT_PRODUCTS_DIR}/GoogleToolboxForMac/GoogleToolboxForMac.framework",
				"${BUILT_PRODUCTS_DIR}/leveldb-library/leveldb.framework",
				"${BUILT_PRODUCTS_DIR}/nanopb/nanopb.framework",
			);
			name = "[CP] Embed Pods Frameworks";
			outputPaths = (
				"${TARGET_BUILD_DIR}/${FRAMEWORKS_FOLDER_PATH}/GoogleToolboxForMac.framework",
				"${TARGET_BUILD_DIR}/${FRAMEWORKS_FOLDER_PATH}/leveldb.framework",
				"${TARGET_BUILD_DIR}/${FRAMEWORKS_FOLDER_PATH}/nanopb.framework",
			);
			runOnlyForDeploymentPostprocessing = 0;
			shellPath = /bin/sh;
			shellScript = "\"${SRCROOT}/Pods/Target Support Files/Pods-Hackathon/Pods-Hackathon-frameworks.sh\"\n";
			showEnvVarsInLog = 0;
		};
		7B98BCF3E6F80AF863049697 /* [CP] Copy Pods Resources */ = {
			isa = PBXShellScriptBuildPhase;
			buildActionMask = 2147483647;
			files = (
			);
			inputPaths = (
			);
			name = "[CP] Copy Pods Resources";
			outputPaths = (
			);
			runOnlyForDeploymentPostprocessing = 0;
			shellPath = /bin/sh;
			shellScript = "\"${SRCROOT}/Pods/Target Support Files/Pods-HackathonTests/Pods-HackathonTests-resources.sh\"\n";
			showEnvVarsInLog = 0;
		};
		90AD92FD6888BFD23795DEB4 /* [CP] Check Pods Manifest.lock */ = {
			isa = PBXShellScriptBuildPhase;
			buildActionMask = 2147483647;
			files = (
			);
			inputPaths = (
				"${PODS_PODFILE_DIR_PATH}/Podfile.lock",
				"${PODS_ROOT}/Manifest.lock",
			);
			name = "[CP] Check Pods Manifest.lock";
			outputPaths = (
				"$(DERIVED_FILE_DIR)/Pods-Hackathon-checkManifestLockResult.txt",
			);
			runOnlyForDeploymentPostprocessing = 0;
			shellPath = /bin/sh;
			shellScript = "diff \"${PODS_PODFILE_DIR_PATH}/Podfile.lock\" \"${PODS_ROOT}/Manifest.lock\" > /dev/null\nif [ $? != 0 ] ; then\n    # print error to STDERR\n    echo \"error: The sandbox is not in sync with the Podfile.lock. Run 'pod install' or update your CocoaPods installation.\" >&2\n    exit 1\nfi\n# This output is used by Xcode 'outputs' to avoid re-running this script phase.\necho \"SUCCESS\" > \"${SCRIPT_OUTPUT_FILE_0}\"\n";
			showEnvVarsInLog = 0;
		};
		A1A24C87F57BD55C86A299D8 /* [CP] Embed Pods Frameworks */ = {
			isa = PBXShellScriptBuildPhase;
			buildActionMask = 2147483647;
			files = (
			);
			inputPaths = (
			);
			name = "[CP] Embed Pods Frameworks";
			outputPaths = (
			);
			runOnlyForDeploymentPostprocessing = 0;
			shellPath = /bin/sh;
			shellScript = "\"${SRCROOT}/Pods/Target Support Files/Pods-HackathonUITests/Pods-HackathonUITests-frameworks.sh\"\n";
			showEnvVarsInLog = 0;
		};
		BB237BE243DEE6AC8A573F4D /* [CP] Copy Pods Resources */ = {
			isa = PBXShellScriptBuildPhase;
			buildActionMask = 2147483647;
			files = (
			);
			inputPaths = (
			);
			name = "[CP] Copy Pods Resources";
			outputPaths = (
			);
			runOnlyForDeploymentPostprocessing = 0;
			shellPath = /bin/sh;
			shellScript = "\"${SRCROOT}/Pods/Target Support Files/Pods-Hackathon/Pods-Hackathon-resources.sh\"\n";
			showEnvVarsInLog = 0;
		};
		C212C11B4E5F0FB90F5472A2 /* [CP] Embed Pods Frameworks */ = {
			isa = PBXShellScriptBuildPhase;
			buildActionMask = 2147483647;
			files = (
			);
			inputPaths = (
			);
			name = "[CP] Embed Pods Frameworks";
			outputPaths = (
			);
			runOnlyForDeploymentPostprocessing = 0;
			shellPath = /bin/sh;
			shellScript = "\"${SRCROOT}/Pods/Target Support Files/Pods-HackathonTests/Pods-HackathonTests-frameworks.sh\"\n";
			showEnvVarsInLog = 0;
		};
		D83C63A778E88C38B0BD40AC /* [CP] Copy Pods Resources */ = {
			isa = PBXShellScriptBuildPhase;
			buildActionMask = 2147483647;
			files = (
			);
			inputPaths = (
			);
			name = "[CP] Copy Pods Resources";
			outputPaths = (
			);
			runOnlyForDeploymentPostprocessing = 0;
			shellPath = /bin/sh;
			shellScript = "\"${SRCROOT}/Pods/Target Support Files/Pods-HackathonUITests/Pods-HackathonUITests-resources.sh\"\n";
			showEnvVarsInLog = 0;
		};
		F422DABD77FADCC185B40D91 /* [CP] Check Pods Manifest.lock */ = {
			isa = PBXShellScriptBuildPhase;
			buildActionMask = 2147483647;
			files = (
			);
			inputPaths = (
				"${PODS_PODFILE_DIR_PATH}/Podfile.lock",
				"${PODS_ROOT}/Manifest.lock",
			);
			name = "[CP] Check Pods Manifest.lock";
			outputPaths = (
				"$(DERIVED_FILE_DIR)/Pods-HackathonTests-checkManifestLockResult.txt",
			);
			runOnlyForDeploymentPostprocessing = 0;
			shellPath = /bin/sh;
			shellScript = "diff \"${PODS_PODFILE_DIR_PATH}/Podfile.lock\" \"${PODS_ROOT}/Manifest.lock\" > /dev/null\nif [ $? != 0 ] ; then\n    # print error to STDERR\n    echo \"error: The sandbox is not in sync with the Podfile.lock. Run 'pod install' or update your CocoaPods installation.\" >&2\n    exit 1\nfi\n# This output is used by Xcode 'outputs' to avoid re-running this script phase.\necho \"SUCCESS\" > \"${SCRIPT_OUTPUT_FILE_0}\"\n";
			showEnvVarsInLog = 0;
		};
/* End PBXShellScriptBuildPhase section */

/* Begin PBXSourcesBuildPhase section */
		E958BDA11F9ADDB700482017 /* Sources */ = {
			isa = PBXSourcesBuildPhase;
			buildActionMask = 2147483647;
			files = (
				E958BDAB1F9ADDB700482017 /* ViewController.swift in Sources */,
				E958BDA91F9ADDB700482017 /* AppDelegate.swift in Sources */,
			);
			runOnlyForDeploymentPostprocessing = 0;
		};
		E958BDB51F9ADDB700482017 /* Sources */ = {
			isa = PBXSourcesBuildPhase;
			buildActionMask = 2147483647;
			files = (
				E958BDBE1F9ADDB700482017 /* HackathonTests.swift in Sources */,
			);
			runOnlyForDeploymentPostprocessing = 0;
		};
		E958BDC01F9ADDB700482017 /* Sources */ = {
			isa = PBXSourcesBuildPhase;
			buildActionMask = 2147483647;
			files = (
				E958BDC91F9ADDB800482017 /* HackathonUITests.swift in Sources */,
			);
			runOnlyForDeploymentPostprocessing = 0;
		};
/* End PBXSourcesBuildPhase section */

/* Begin PBXTargetDependency section */
		E958BDBB1F9ADDB700482017 /* PBXTargetDependency */ = {
			isa = PBXTargetDependency;
			target = E958BDA41F9ADDB700482017 /* Hackathon */;
			targetProxy = E958BDBA1F9ADDB700482017 /* PBXContainerItemProxy */;
		};
		E958BDC61F9ADDB800482017 /* PBXTargetDependency */ = {
			isa = PBXTargetDependency;
			target = E958BDA41F9ADDB700482017 /* Hackathon */;
			targetProxy = E958BDC51F9ADDB800482017 /* PBXContainerItemProxy */;
		};
/* End PBXTargetDependency section */

/* Begin PBXVariantGroup section */
		E958BDAC1F9ADDB700482017 /* Main.storyboard */ = {
			isa = PBXVariantGroup;
			children = (
				E958BDAD1F9ADDB700482017 /* Base */,
			);
			name = Main.storyboard;
			sourceTree = "<group>";
		};
		E958BDB11F9ADDB700482017 /* LaunchScreen.storyboard */ = {
			isa = PBXVariantGroup;
			children = (
				E958BDB21F9ADDB700482017 /* Base */,
			);
			name = LaunchScreen.storyboard;
			sourceTree = "<group>";
		};
/* End PBXVariantGroup section */

/* Begin XCBuildConfiguration section */
		E958BDCB1F9ADDB800482017 /* Debug */ = {
			isa = XCBuildConfiguration;
			buildSettings = {
				ALWAYS_SEARCH_USER_PATHS = NO;
				CLANG_ANALYZER_NONNULL = YES;
				CLANG_ANALYZER_NUMBER_OBJECT_CONVERSION = YES_AGGRESSIVE;
				CLANG_CXX_LANGUAGE_STANDARD = "gnu++14";
				CLANG_CXX_LIBRARY = "libc++";
				CLANG_ENABLE_MODULES = YES;
				CLANG_ENABLE_OBJC_ARC = YES;
				CLANG_WARN_BLOCK_CAPTURE_AUTORELEASING = YES;
				CLANG_WARN_BOOL_CONVERSION = YES;
				CLANG_WARN_COMMA = YES;
				CLANG_WARN_CONSTANT_CONVERSION = YES;
				CLANG_WARN_DIRECT_OBJC_ISA_USAGE = YES_ERROR;
				CLANG_WARN_DOCUMENTATION_COMMENTS = YES;
				CLANG_WARN_EMPTY_BODY = YES;
				CLANG_WARN_ENUM_CONVERSION = YES;
				CLANG_WARN_INFINITE_RECURSION = YES;
				CLANG_WARN_INT_CONVERSION = YES;
				CLANG_WARN_NON_LITERAL_NULL_CONVERSION = YES;
				CLANG_WARN_OBJC_LITERAL_CONVERSION = YES;
				CLANG_WARN_OBJC_ROOT_CLASS = YES_ERROR;
				CLANG_WARN_RANGE_LOOP_ANALYSIS = YES;
				CLANG_WARN_STRICT_PROTOTYPES = YES;
				CLANG_WARN_SUSPICIOUS_MOVE = YES;
				CLANG_WARN_UNGUARDED_AVAILABILITY = YES_AGGRESSIVE;
				CLANG_WARN_UNREACHABLE_CODE = YES;
				CLANG_WARN__DUPLICATE_METHOD_MATCH = YES;
				CODE_SIGN_IDENTITY = "iPhone Developer";
				COPY_PHASE_STRIP = NO;
				DEBUG_INFORMATION_FORMAT = dwarf;
				ENABLE_STRICT_OBJC_MSGSEND = YES;
				ENABLE_TESTABILITY = YES;
				GCC_C_LANGUAGE_STANDARD = gnu11;
				GCC_DYNAMIC_NO_PIC = NO;
				GCC_NO_COMMON_BLOCKS = YES;
				GCC_OPTIMIZATION_LEVEL = 0;
				GCC_PREPROCESSOR_DEFINITIONS = (
					"DEBUG=1",
					"$(inherited)",
				);
				GCC_WARN_64_TO_32_BIT_CONVERSION = YES;
				GCC_WARN_ABOUT_RETURN_TYPE = YES_ERROR;
				GCC_WARN_UNDECLARED_SELECTOR = YES;
				GCC_WARN_UNINITIALIZED_AUTOS = YES_AGGRESSIVE;
				GCC_WARN_UNUSED_FUNCTION = YES;
				GCC_WARN_UNUSED_VARIABLE = YES;
				IPHONEOS_DEPLOYMENT_TARGET = 11.0;
				MTL_ENABLE_DEBUG_INFO = YES;
				ONLY_ACTIVE_ARCH = YES;
				SDKROOT = iphoneos;
				SWIFT_ACTIVE_COMPILATION_CONDITIONS = DEBUG;
				SWIFT_OPTIMIZATION_LEVEL = "-Onone";
			};
			name = Debug;
		};
		E958BDCC1F9ADDB800482017 /* Release */ = {
			isa = XCBuildConfiguration;
			buildSettings = {
				ALWAYS_SEARCH_USER_PATHS = NO;
				CLANG_ANALYZER_NONNULL = YES;
				CLANG_ANALYZER_NUMBER_OBJECT_CONVERSION = YES_AGGRESSIVE;
				CLANG_CXX_LANGUAGE_STANDARD = "gnu++14";
				CLANG_CXX_LIBRARY = "libc++";
				CLANG_ENABLE_MODULES = YES;
				CLANG_ENABLE_OBJC_ARC = YES;
				CLANG_WARN_BLOCK_CAPTURE_AUTORELEASING = YES;
				CLANG_WARN_BOOL_CONVERSION = YES;
				CLANG_WARN_COMMA = YES;
				CLANG_WARN_CONSTANT_CONVERSION = YES;
				CLANG_WARN_DIRECT_OBJC_ISA_USAGE = YES_ERROR;
				CLANG_WARN_DOCUMENTATION_COMMENTS = YES;
				CLANG_WARN_EMPTY_BODY = YES;
				CLANG_WARN_ENUM_CONVERSION = YES;
				CLANG_WARN_INFINITE_RECURSION = YES;
				CLANG_WARN_INT_CONVERSION = YES;
				CLANG_WARN_NON_LITERAL_NULL_CONVERSION = YES;
				CLANG_WARN_OBJC_LITERAL_CONVERSION = YES;
				CLANG_WARN_OBJC_ROOT_CLASS = YES_ERROR;
				CLANG_WARN_RANGE_LOOP_ANALYSIS = YES;
				CLANG_WARN_STRICT_PROTOTYPES = YES;
				CLANG_WARN_SUSPICIOUS_MOVE = YES;
				CLANG_WARN_UNGUARDED_AVAILABILITY = YES_AGGRESSIVE;
				CLANG_WARN_UNREACHABLE_CODE = YES;
				CLANG_WARN__DUPLICATE_METHOD_MATCH = YES;
				CODE_SIGN_IDENTITY = "iPhone Developer";
				COPY_PHASE_STRIP = NO;
				DEBUG_INFORMATION_FORMAT = "dwarf-with-dsym";
				ENABLE_NS_ASSERTIONS = NO;
				ENABLE_STRICT_OBJC_MSGSEND = YES;
				GCC_C_LANGUAGE_STANDARD = gnu11;
				GCC_NO_COMMON_BLOCKS = YES;
				GCC_WARN_64_TO_32_BIT_CONVERSION = YES;
				GCC_WARN_ABOUT_RETURN_TYPE = YES_ERROR;
				GCC_WARN_UNDECLARED_SELECTOR = YES;
				GCC_WARN_UNINITIALIZED_AUTOS = YES_AGGRESSIVE;
				GCC_WARN_UNUSED_FUNCTION = YES;
				GCC_WARN_UNUSED_VARIABLE = YES;
				IPHONEOS_DEPLOYMENT_TARGET = 11.0;
				MTL_ENABLE_DEBUG_INFO = NO;
				SDKROOT = iphoneos;
				SWIFT_OPTIMIZATION_LEVEL = "-Owholemodule";
				VALIDATE_PRODUCT = YES;
			};
			name = Release;
		};
		E958BDCE1F9ADDB800482017 /* Debug */ = {
			isa = XCBuildConfiguration;
			baseConfigurationReference = A6D1F80EF30736E80E64AD3C /* Pods-Hackathon.debug.xcconfig */;
			buildSettings = {
				ASSETCATALOG_COMPILER_APPICON_NAME = AppIcon;
				CODE_SIGN_STYLE = Automatic;
				DEVELOPMENT_TEAM = J9EB4J2XCV;
				INFOPLIST_FILE = Hackathon/Info.plist;
				LD_RUNPATH_SEARCH_PATHS = "$(inherited) @executable_path/Frameworks";
				PRODUCT_BUNDLE_IDENTIFIER = Hack.Hackathon;
				PRODUCT_NAME = "$(TARGET_NAME)";
				SWIFT_VERSION = 4.0;
				TARGETED_DEVICE_FAMILY = "1,2";
			};
			name = Debug;
		};
		E958BDCF1F9ADDB800482017 /* Release */ = {
			isa = XCBuildConfiguration;
			baseConfigurationReference = B6E2B8671EF161BEE265AA80 /* Pods-Hackathon.release.xcconfig */;
			buildSettings = {
				ASSETCATALOG_COMPILER_APPICON_NAME = AppIcon;
				CODE_SIGN_STYLE = Automatic;
				DEVELOPMENT_TEAM = J9EB4J2XCV;
				INFOPLIST_FILE = Hackathon/Info.plist;
				LD_RUNPATH_SEARCH_PATHS = "$(inherited) @executable_path/Frameworks";
				PRODUCT_BUNDLE_IDENTIFIER = Hack.Hackathon;
				PRODUCT_NAME = "$(TARGET_NAME)";
				SWIFT_VERSION = 4.0;
				TARGETED_DEVICE_FAMILY = "1,2";
			};
			name = Release;
		};
		E958BDD11F9ADDB800482017 /* Debug */ = {
			isa = XCBuildConfiguration;
			baseConfigurationReference = DAAC1F1E93BED191448ECFDF /* Pods-HackathonTests.debug.xcconfig */;
			buildSettings = {
				ALWAYS_EMBED_SWIFT_STANDARD_LIBRARIES = YES;
				BUNDLE_LOADER = "$(TEST_HOST)";
				CODE_SIGN_STYLE = Automatic;
				DEVELOPMENT_TEAM = J9EB4J2XCV;
				INFOPLIST_FILE = HackathonTests/Info.plist;
				LD_RUNPATH_SEARCH_PATHS = "$(inherited) @executable_path/Frameworks @loader_path/Frameworks";
				PRODUCT_BUNDLE_IDENTIFIER = Hack.HackathonTests;
				PRODUCT_NAME = "$(TARGET_NAME)";
				SWIFT_VERSION = 4.0;
				TARGETED_DEVICE_FAMILY = "1,2";
				TEST_HOST = "$(BUILT_PRODUCTS_DIR)/Hackathon.app/Hackathon";
			};
			name = Debug;
		};
		E958BDD21F9ADDB800482017 /* Release */ = {
			isa = XCBuildConfiguration;
			baseConfigurationReference = 67F03C4D77CA9DB1CCB13B4F /* Pods-HackathonTests.release.xcconfig */;
			buildSettings = {
				ALWAYS_EMBED_SWIFT_STANDARD_LIBRARIES = YES;
				BUNDLE_LOADER = "$(TEST_HOST)";
				CODE_SIGN_STYLE = Automatic;
				DEVELOPMENT_TEAM = J9EB4J2XCV;
				INFOPLIST_FILE = HackathonTests/Info.plist;
				LD_RUNPATH_SEARCH_PATHS = "$(inherited) @executable_path/Frameworks @loader_path/Frameworks";
				PRODUCT_BUNDLE_IDENTIFIER = Hack.HackathonTests;
				PRODUCT_NAME = "$(TARGET_NAME)";
				SWIFT_VERSION = 4.0;
				TARGETED_DEVICE_FAMILY = "1,2";
				TEST_HOST = "$(BUILT_PRODUCTS_DIR)/Hackathon.app/Hackathon";
			};
			name = Release;
		};
		E958BDD41F9ADDB800482017 /* Debug */ = {
			isa = XCBuildConfiguration;
			baseConfigurationReference = 7795915DDD4C7669D2EB9580 /* Pods-HackathonUITests.debug.xcconfig */;
			buildSettings = {
				ALWAYS_EMBED_SWIFT_STANDARD_LIBRARIES = YES;
				CODE_SIGN_STYLE = Automatic;
				DEVELOPMENT_TEAM = J9EB4J2XCV;
				INFOPLIST_FILE = HackathonUITests/Info.plist;
				LD_RUNPATH_SEARCH_PATHS = "$(inherited) @executable_path/Frameworks @loader_path/Frameworks";
				PRODUCT_BUNDLE_IDENTIFIER = Hack.HackathonUITests;
				PRODUCT_NAME = "$(TARGET_NAME)";
				SWIFT_VERSION = 4.0;
				TARGETED_DEVICE_FAMILY = "1,2";
				TEST_TARGET_NAME = Hackathon;
			};
			name = Debug;
		};
		E958BDD51F9ADDB800482017 /* Release */ = {
			isa = XCBuildConfiguration;
			baseConfigurationReference = BA3A2A72B06DDF36C8047CA0 /* Pods-HackathonUITests.release.xcconfig */;
			buildSettings = {
				ALWAYS_EMBED_SWIFT_STANDARD_LIBRARIES = YES;
				CODE_SIGN_STYLE = Automatic;
				DEVELOPMENT_TEAM = J9EB4J2XCV;
				INFOPLIST_FILE = HackathonUITests/Info.plist;
				LD_RUNPATH_SEARCH_PATHS = "$(inherited) @executable_path/Frameworks @loader_path/Frameworks";
				PRODUCT_BUNDLE_IDENTIFIER = Hack.HackathonUITests;
				PRODUCT_NAME = "$(TARGET_NAME)";
				SWIFT_VERSION = 4.0;
				TARGETED_DEVICE_FAMILY = "1,2";
				TEST_TARGET_NAME = Hackathon;
			};
			name = Release;
		};
/* End XCBuildConfiguration section */

/* Begin XCConfigurationList section */
		E958BDA01F9ADDB700482017 /* Build configuration list for PBXProject "Hackathon" */ = {
			isa = XCConfigurationList;
			buildConfigurations = (
				E958BDCB1F9ADDB800482017 /* Debug */,
				E958BDCC1F9ADDB800482017 /* Release */,
			);
			defaultConfigurationIsVisible = 0;
			defaultConfigurationName = Release;
		};
		E958BDCD1F9ADDB800482017 /* Build configuration list for PBXNativeTarget "Hackathon" */ = {
			isa = XCConfigurationList;
			buildConfigurations = (
				E958BDCE1F9ADDB800482017 /* Debug */,
				E958BDCF1F9ADDB800482017 /* Release */,
			);
			defaultConfigurationIsVisible = 0;
			defaultConfigurationName = Release;
		};
		E958BDD01F9ADDB800482017 /* Build configuration list for PBXNativeTarget "HackathonTests" */ = {
			isa = XCConfigurationList;
			buildConfigurations = (
				E958BDD11F9ADDB800482017 /* Debug */,
				E958BDD21F9ADDB800482017 /* Release */,
			);
			defaultConfigurationIsVisible = 0;
			defaultConfigurationName = Release;
		};
		E958BDD31F9ADDB800482017 /* Build configuration list for PBXNativeTarget "HackathonUITests" */ = {
			isa = XCConfigurationList;
			buildConfigurations = (
				E958BDD41F9ADDB800482017 /* Debug */,
				E958BDD51F9ADDB800482017 /* Release */,
			);
			defaultConfigurationIsVisible = 0;
			defaultConfigurationName = Release;
		};
/* End XCConfigurationList section */
	};
	rootObject = E958BD9D1F9ADDB700482017 /* Project object */;
}
